
Microsoft Visual Studio Solution File, Format Version 12.00
# Visual Studio Version 16
VisualStudioVersion = 16.0.36602.28
MinimumVisualStudioVersion = 10.0.40219.1
Project("{FAE04EC0-301F-11D3-BF4B-00C04F79EFBC}") = "Quiz Management", "Quiz Management.csproj", "{B52DFBA3-F301-4410-88CC-7320E7E355BC}"
EndProject
Global
	GlobalSection(SolutionConfigurationPlatforms) = preSolution
		Debug|Any CPU = Debug|Any CPU
		Release|Any CPU = Release|Any CPU
	EndGlobalSection
	GlobalSection(ProjectConfigurationPlatforms) = postSolution
		{B52DFBA3-F301-4410-88CC-7320E7E355BC}.Debug|Any CPU.ActiveCfg = Debug|Any CPU
		{B52DFBA3-F301-4410-88CC-7320E7E355BC}.Debug|Any CPU.Build.0 = Debug|Any CPU
		{B52DFBA3-F301-4410-88CC-7320E7E355BC}.Release|Any CPU.ActiveCfg = Release|Any CPU
		{B52DFBA3-F301-4410-88CC-7320E7E355BC}.Release|Any CPU.Build.0 = Release|Any CPU
	EndGlobalSection
	GlobalSection(SolutionProperties) = preSolution
		HideSolutionNode = FALSE
	EndGlobalSection
	GlobalSection(ExtensibilityGlobals) = postSolution
		SolutionGuid = {6419F102-3206-41C2-9351-221944FAE3E4}
	EndGlobalSection
EndGlobal
